
Microsoft Visual Studio Solution File, Format Version 12.00
# Visual Studio 15
VisualStudioVersion = 15.0.27004.2005
MinimumVisualStudioVersion = 10.0.40219.1
Project("{FAE04EC0-301F-11D3-BF4B-00C04F79EFBC}") = "sunucu", "sunucu\sunucu.csproj", "{1FAC0F87-4CEC-4EE6-A7D6-489D457B8143}"
EndProject
Global
	GlobalSection(SolutionConfigurationPlatforms) = preSolution
		Debug|Any CPU = Debug|Any CPU
		Release|Any CPU = Release|Any CPU
	EndGlobalSection
	GlobalSection(ProjectConfigurationPlatforms) = postSolution
		{1FAC0F87-4CEC-4EE6-A7D6-489D457B8143}.Debug|Any CPU.ActiveCfg = Debug|Any CPU
		{1FAC0F87-4CEC-4EE6-A7D6-489D457B8143}.Debug|Any CPU.Build.0 = Debug|Any CPU
		{1FAC0F87-4CEC-4EE6-A7D6-489D457B8143}.Release|Any CPU.ActiveCfg = Release|Any CPU
		{1FAC0F87-4CEC-4EE6-A7D6-489D457B8143}.Release|Any CPU.Build.0 = Release|Any CPU
	EndGlobalSection
	GlobalSection(SolutionProperties) = preSolution
		HideSolutionNode = FALSE
	EndGlobalSection
	GlobalSection(ExtensibilityGlobals) = postSolution
		SolutionGuid = {DB28F630-0652-419A-864C-18DD83DD945B}
	EndGlobalSection
EndGlobal
